{
  "name": "alipay-lite",
  "version": "1.0.1",
  "lockfileVersion": 1,
  "dependencies": {
    "ajv": {
      "version": "4.11.8",
      "resolved": "http://registry.npm.taobao.org/ajv/download/ajv-4.11.8.tgz",
      "integrity": "sha1-gv+wKynmYq5TvcIK8VlHcGc5xTY="
    },
    "argparse": {
      "version": "https://registry.npmjs.org/argparse/-/argparse-1.0.9.tgz",
      "integrity": "sha1-c9g7wmP4bpf4zE9rrhsOkKfSLIY=",
      "dev": true
    },
    "asn1": {
      "version": "0.2.3",
      "resolved": "http://registry.npm.taobao.org/asn1/download/asn1-0.2.3.tgz",
      "integrity": "sha1-2sh4dxPJlmhJ/IGAd36+nB3fO4Y="
    },
    "assert-plus": {
      "version": "0.2.0",
      "resolved": "http://registry.npm.taobao.org/assert-plus/download/assert-plus-0.2.0.tgz",
      "integrity": "sha1-104bh+ev/A24qttwIfP+SBAasjQ="
    },
    "asynckit": {
      "version": "0.4.0",
      "resolved": "http://registry.npm.taobao.org/asynckit/download/asynckit-0.4.0.tgz",
      "integrity": "sha1-x57Zf380y48robyXkLzDZkdLS3k="
    },
    "aws-sign2": {
      "version": "0.6.0",
      "resolved": "http://registry.npm.taobao.org/aws-sign2/download/aws-sign2-0.6.0.tgz",
      "integrity": "sha1-FDQt0428yU0OW4fXY81jYSwOeU8="
    },
    "aws4": {
      "version": "1.6.0",
      "resolved": "http://registry.npm.taobao.org/aws4/download/aws4-1.6.0.tgz",
      "integrity": "sha1-g+9cqGCysy5KDe7e6MdxudtXRx4="
    },
    "axios": {
      "version": "https://registry.npm.taobao.org/axios/download/axios-0.16.1.tgz",
      "integrity": "sha1-wLbSZgCEI4S49QnlcRHw0t+CI8o="
    },
    "bcrypt-pbkdf": {
      "version": "1.0.1",
      "resolved": "http://registry.npm.taobao.org/bcrypt-pbkdf/download/bcrypt-pbkdf-1.0.1.tgz",
      "integrity": "sha1-Y7xdy2EzG5K8Bf1SiVPDNGKgb40=",
      "optional": true
    },
    "body-parser": {
      "version": "https://registry.npm.taobao.org/body-parser/download/body-parser-1.17.1.tgz",
      "integrity": "sha1-dbO8mN3W5+DY/+dQ36ylxmmT+kc=",
      "dev": true,
      "dependencies": {
        "debug": {
          "version": "https://registry.npm.taobao.org/debug/download/debug-2.6.1.tgz",
          "integrity": "sha1-eYVQkLosTjEVzH2HaUkdWPBJE1E=",
          "dev": true
        },
        "ms": {
          "version": "https://registry.npm.taobao.org/ms/download/ms-0.7.2.tgz",
          "integrity": "sha1-riXPJRKziFodldfwN4aNhDESR2U=",
          "dev": true
        }
      }
    },
    "boom": {
      "version": "2.10.1",
      "resolved": "http://registry.npm.taobao.org/boom/download/boom-2.10.1.tgz",
      "integrity": "sha1-OciRjO/1eZ+D+UkqhI9iWt0Mdm8="
    },
    "bytes": {
      "version": "https://registry.npm.taobao.org/bytes/download/bytes-2.4.0.tgz",
      "integrity": "sha1-fZcZb51br39pNeJZhVSe3SpsIzk=",
      "dev": true
    },
    "caseless": {
      "version": "0.12.0",
      "resolved": "http://registry.npm.taobao.org/caseless/download/caseless-0.12.0.tgz",
      "integrity": "sha1-G2gcIf+EAzyCZUMJBolCDRhxUdw="
    },
    "co": {
      "version": "4.6.0",
      "resolved": "http://registry.npm.taobao.org/co/download/co-4.6.0.tgz",
      "integrity": "sha1-bqa989hTrlTMuOR7+gvz+QMfsYQ="
    },
    "coffeescript": {
      "version": "https://registry.npm.taobao.org/coffeescript/download/coffeescript-2.0.0-beta2.tgz",
      "integrity": "sha1-yq/Wpn2QOkMz+LSFvKtU7VFH734="
    },
    "combined-stream": {
      "version": "1.0.5",
      "resolved": "http://registry.npm.taobao.org/combined-stream/download/combined-stream-1.0.5.tgz",
      "integrity": "sha1-k4NwpXtKUd6ix3wV1cX9+JUWQAk="
    },
    "connect": {
      "version": "https://registry.npm.taobao.org/connect/download/connect-3.6.1.tgz",
      "integrity": "sha1-t3YGk6dPBFT6zh2TeO2z+IW0Mic=",
      "dev": true,
      "dependencies": {
        "debug": {
          "version": "https://registry.npm.taobao.org/debug/download/debug-2.6.3.tgz",
          "integrity": "sha1-D364wwll7AjHKsz6ATDIt5mEFB0=",
          "dev": true
        },
        "ms": {
          "version": "http://registry.npm.taobao.org/ms/download/ms-0.7.2.tgz",
          "integrity": "sha1-riXPJRKziFodldfwN4aNhDESR2U=",
          "dev": true
        }
      }
    },
    "content-type": {
      "version": "https://registry.npm.taobao.org/content-type/download/content-type-1.0.2.tgz",
      "integrity": "sha1-t9ETrueo3Se9IRM8TcJSnfFyHu0=",
      "dev": true
    },
    "cryptiles": {
      "version": "2.0.5",
      "resolved": "http://registry.npm.taobao.org/cryptiles/download/cryptiles-2.0.5.tgz",
      "integrity": "sha1-O9/s3GCBR8HGcgL6KR59ylnqo7g="
    },
    "dashdash": {
      "version": "1.14.1",
      "resolved": "http://registry.npm.taobao.org/dashdash/download/dashdash-1.14.1.tgz",
      "integrity": "sha1-hTz6D3y+L+1d4gMmuN1YEDX24vA=",
      "dependencies": {
        "assert-plus": {
          "version": "1.0.0",
          "resolved": "http://registry.npm.taobao.org/assert-plus/download/assert-plus-1.0.0.tgz",
          "integrity": "sha1-8S4PPF13sLHN2RRpQuTpbB5N1SU="
        }
      }
    },
    "debug": {
      "version": "https://registry.npm.taobao.org/debug/download/debug-2.6.8.tgz",
      "integrity": "sha1-5zFTHKLt4n0YgiJCfaF4IdaP9Pw="
    },
    "delayed-stream": {
      "version": "1.0.0",
      "resolved": "http://registry.npm.taobao.org/delayed-stream/download/delayed-stream-1.0.0.tgz",
      "integrity": "sha1-3zrhmayt+31ECqrgsp4icrJOxhk="
    },
    "depd": {
      "version": "https://registry.npm.taobao.org/depd/download/depd-1.1.0.tgz",
      "integrity": "sha1-4b2Cxqq2ztlluXuIsX7T5SjKGMM=",
      "dev": true
    },
    "ecc-jsbn": {
      "version": "0.1.1",
      "resolved": "http://registry.npm.taobao.org/ecc-jsbn/download/ecc-jsbn-0.1.1.tgz",
      "integrity": "sha1-D8c6ntXw1Tw4GTOYUj735UN3dQU=",
      "optional": true
    },
    "ee-first": {
      "version": "https://registry.npm.taobao.org/ee-first/download/ee-first-1.1.1.tgz",
      "integrity": "sha1-WQxhFWsK4vTwJVcyoViyZrxWsh0=",
      "dev": true
    },
    "encodeurl": {
      "version": "https://registry.npm.taobao.org/encodeurl/download/encodeurl-1.0.1.tgz",
      "integrity": "sha1-eePVhlU0aQn+bw9Fpd5oEDspTSA=",
      "dev": true
    },
    "escape-html": {
      "version": "https://registry.npm.taobao.org/escape-html/download/escape-html-1.0.3.tgz",
      "integrity": "sha1-Aljq5NPQwJdN4cFpGI7wBR0dGYg=",
      "dev": true
    },
    "esprima": {
      "version": "https://registry.npm.taobao.org/esprima/download/esprima-3.1.3.tgz",
      "integrity": "sha1-/cpRzuYTOJXjyI1TXOSdv/YqRjM=",
      "dev": true
    },
    "extend": {
      "version": "3.0.1",
      "resolved": "http://registry.npm.taobao.org/extend/download/extend-3.0.1.tgz",
      "integrity": "sha1-p1Xqe8Gt/MWjHOfnYtuq3F5jZEQ="
    },
    "extsprintf": {
      "version": "1.0.2",
      "resolved": "http://registry.npm.taobao.org/extsprintf/download/extsprintf-1.0.2.tgz",
      "integrity": "sha1-4QgOBljjALBilJkMxw4VAiNf1VA="
    },
    "finalhandler": {
      "version": "https://registry.npm.taobao.org/finalhandler/download/finalhandler-1.0.1.tgz",
      "integrity": "sha1-vNFdFonA5e1ym29/VBpt+YQRfbg=",
      "dev": true,
      "dependencies": {
        "debug": {
          "version": "https://registry.npm.taobao.org/debug/download/debug-2.6.3.tgz",
          "integrity": "sha1-D364wwll7AjHKsz6ATDIt5mEFB0=",
          "dev": true
        },
        "ms": {
          "version": "http://registry.npm.taobao.org/ms/download/ms-0.7.2.tgz",
          "integrity": "sha1-riXPJRKziFodldfwN4aNhDESR2U=",
          "dev": true
        }
      }
    },
    "follow-redirects": {
      "version": "https://registry.npm.taobao.org/follow-redirects/download/follow-redirects-1.2.3.tgz",
      "integrity": "sha1-AauuyoXjYJg32fzaMWen5C/ayiE="
    },
    "forever-agent": {
      "version": "0.6.1",
      "resolved": "http://registry.npm.taobao.org/forever-agent/download/forever-agent-0.6.1.tgz",
      "integrity": "sha1-+8cfDEGt6zf5bFd60e1C2P2sypE="
    },
    "form-data": {
      "version": "2.1.4",
      "resolved": "http://registry.npm.taobao.org/form-data/download/form-data-2.1.4.tgz",
      "integrity": "sha1-M8GDrPGTJ27KqYFDpp6Uv+4XUNE="
    },
    "getpass": {
      "version": "0.1.7",
      "resolved": "http://registry.npm.taobao.org/getpass/download/getpass-0.1.7.tgz",
      "integrity": "sha1-Xv+OPmhNVprkyysSgmBOi6YhSfo=",
      "dependencies": {
        "assert-plus": {
          "version": "1.0.0",
          "resolved": "http://registry.npm.taobao.org/assert-plus/download/assert-plus-1.0.0.tgz",
          "integrity": "sha1-8S4PPF13sLHN2RRpQuTpbB5N1SU="
        }
      }
    },
    "har-schema": {
      "version": "1.0.5",
      "resolved": "http://registry.npm.taobao.org/har-schema/download/har-schema-1.0.5.tgz",
      "integrity": "sha1-0mMTX0MwfALGAq/I/pWXDAFRNp4="
    },
    "har-validator": {
      "version": "4.2.1",
      "resolved": "http://registry.npm.taobao.org/har-validator/download/har-validator-4.2.1.tgz",
      "integrity": "sha1-M0gdDxu/9gDdID11gSpqX7oALio="
    },
    "hawk": {
      "version": "3.1.3",
      "resolved": "http://registry.npm.taobao.org/hawk/download/hawk-3.1.3.tgz",
      "integrity": "sha1-B4REvXwWQLD+VA0sm3PVlnjo4cQ="
    },
    "hoek": {
      "version": "2.16.3",
      "resolved": "http://registry.npm.taobao.org/hoek/download/hoek-2.16.3.tgz",
      "integrity": "sha1-ILt0A9POo5jpHcRxCo/xuCdKJe0="
    },
    "http-errors": {
      "version": "https://registry.npm.taobao.org/http-errors/download/http-errors-1.6.1.tgz",
      "integrity": "sha1-X4uO2YrKVFZWv1cplzh/kEpyIlc=",
      "dev": true
    },
    "http-signature": {
      "version": "1.1.1",
      "resolved": "http://registry.npm.taobao.org/http-signature/download/http-signature-1.1.1.tgz",
      "integrity": "sha1-33LiZwZs0Kxn+3at+OE0qPvPkb8="
    },
    "iconv-lite": {
      "version": "https://registry.npm.taobao.org/iconv-lite/download/iconv-lite-0.4.15.tgz",
      "integrity": "sha1-/iZaIYrGpXz+hUkn6dBMGYJe3es=",
      "dev": true
    },
    "inherits": {
      "version": "https://registry.npmjs.org/inherits/-/inherits-2.0.3.tgz",
      "integrity": "sha1-Yzwsg+PaQqUC9SRmAiSA9CCCYd4=",
      "dev": true
    },
    "is-typedarray": {
      "version": "1.0.0",
      "resolved": "http://registry.npm.taobao.org/is-typedarray/download/is-typedarray-1.0.0.tgz",
      "integrity": "sha1-5HnICFjfDBsR3dppQPlgEfzaSpo="
    },
    "isstream": {
      "version": "0.1.2",
      "resolved": "http://registry.npm.taobao.org/isstream/download/isstream-0.1.2.tgz",
      "integrity": "sha1-R+Y/evVa+m+S4VAOaQ64uFKcCZo="
    },
    "js-yaml": {
      "version": "https://registry.npm.taobao.org/js-yaml/download/js-yaml-3.8.3.tgz",
      "integrity": "sha1-M6BexIHIUMiHWSkWb+G+thxyh2Y=",
      "dev": true
    },
    "jsbn": {
      "version": "0.1.1",
      "resolved": "http://registry.npm.taobao.org/jsbn/download/jsbn-0.1.1.tgz",
      "integrity": "sha1-peZUwuWi3rXyAdls77yoDA7y9RM=",
      "optional": true
    },
    "json-schema": {
      "version": "0.2.3",
      "resolved": "http://registry.npm.taobao.org/json-schema/download/json-schema-0.2.3.tgz",
      "integrity": "sha1-tIDIkuWaLwWVTOcnvT8qTogvnhM="
    },
    "json-stable-stringify": {
      "version": "1.0.1",
      "resolved": "http://registry.npm.taobao.org/json-stable-stringify/download/json-stable-stringify-1.0.1.tgz",
      "integrity": "sha1-mnWdOcXy/1A/1TAGRu1EX4jE+a8="
    },
    "json-stringify-safe": {
      "version": "5.0.1",
      "resolved": "http://registry.npm.taobao.org/json-stringify-safe/download/json-stringify-safe-5.0.1.tgz",
      "integrity": "sha1-Epai1Y/UXxmg9s4B1lcB4sc1tus="
    },
    "jsonify": {
      "version": "0.0.0",
      "resolved": "http://registry.npm.taobao.org/jsonify/download/jsonify-0.0.0.tgz",
      "integrity": "sha1-LHS27kHZPKUbe1qu6PUDYx0lKnM="
    },
    "jsprim": {
      "version": "1.4.0",
      "resolved": "http://registry.npm.taobao.org/jsprim/download/jsprim-1.4.0.tgz",
      "integrity": "sha1-o7h+QCmNjDgFUtjMdiigu5WiKRg=",
      "dependencies": {
        "assert-plus": {
          "version": "1.0.0",
          "resolved": "http://registry.npm.taobao.org/assert-plus/download/assert-plus-1.0.0.tgz",
          "integrity": "sha1-8S4PPF13sLHN2RRpQuTpbB5N1SU="
        }
      }
    },
    "media-typer": {
      "version": "https://registry.npm.taobao.org/media-typer/download/media-typer-0.3.0.tgz",
      "integrity": "sha1-hxDXrwqmJvj/+hzgAWhUUmMlV0g=",
      "dev": true
    },
    "mime-db": {
      "version": "https://registry.npm.taobao.org/mime-db/download/mime-db-1.27.0.tgz",
      "integrity": "sha1-gg9XIpa70g7CXtVeW13oaeVDbrE="
    },
    "mime-types": {
      "version": "https://registry.npm.taobao.org/mime-types/download/mime-types-2.1.15.tgz",
      "integrity": "sha1-pOv1BkCUVpI3uM9wBGd20J/JKu0="
    },
    "moment": {
      "version": "https://registry.npm.taobao.org/moment/download/moment-2.18.1.tgz",
      "integrity": "sha1-w2GT3Tzhwu7SrbfIAtu8d6gbHA8="
    },
    "ms": {
      "version": "https://registry.npm.taobao.org/ms/download/ms-2.0.0.tgz",
      "integrity": "sha1-VgiurfwAvmwpAd9fmGF4jeDVl8g="
    },
    "oauth-sign": {
      "version": "0.8.2",
      "resolved": "http://registry.npm.taobao.org/oauth-sign/download/oauth-sign-0.8.2.tgz",
      "integrity": "sha1-Rqarfwrq2N6unsBWV4C31O/rnUM="
    },
    "on-finished": {
      "version": "https://registry.npm.taobao.org/on-finished/download/on-finished-2.3.0.tgz",
      "integrity": "sha1-IPEzZIGwg811M3mSoWlxqi2QaUc=",
      "dev": true
    },
    "parseurl": {
      "version": "https://registry.npm.taobao.org/parseurl/download/parseurl-1.3.1.tgz",
      "integrity": "sha1-yKuMkiO6NIiKpkopeyiFO+wY2lY=",
      "dev": true
    },
    "performance-now": {
      "version": "0.2.0",
      "resolved": "http://registry.npm.taobao.org/performance-now/download/performance-now-0.2.0.tgz",
      "integrity": "sha1-M+8wxcd9TqIcWlOGnZG1bY8lVeU="
    },
    "punycode": {
      "version": "1.4.1",
      "resolved": "http://registry.npm.taobao.org/punycode/download/punycode-1.4.1.tgz",
      "integrity": "sha1-wNWmOycYgArY4esPpSachN1BhF4="
    },
    "qs": {
      "version": "https://registry.npm.taobao.org/qs/download/qs-6.4.0.tgz",
      "integrity": "sha1-E+JtKK1rD/qpExLNO/cI7TUecjM="
    },
    "raw-body": {
      "version": "https://registry.npm.taobao.org/raw-body/download/raw-body-2.2.0.tgz",
      "integrity": "sha1-mUl2z2pQlqQRYoQEkvC9xdbn+5Y=",
      "dev": true
    },
    "request": {
      "version": "2.81.0",
      "resolved": "http://registry.npm.taobao.org/request/download/request-2.81.0.tgz",
      "integrity": "sha1-xpKJRqDgbF+Nb4qTM0af/aRimKA="
    },
    "safe-buffer": {
      "version": "5.1.1",
      "resolved": "http://registry.npm.taobao.org/safe-buffer/download/safe-buffer-5.1.1.tgz",
      "integrity": "sha1-iTMSr2myEj3vcfV4iQAWce6yyFM="
    },
    "setprototypeof": {
      "version": "https://registry.npm.taobao.org/setprototypeof/download/setprototypeof-1.0.3.tgz",
      "integrity": "sha1-ZlZ+NwQ+608E2RvWWMDL77VbjgQ=",
      "dev": true
    },
    "sntp": {
      "version": "1.0.9",
      "resolved": "http://registry.npm.taobao.org/sntp/download/sntp-1.0.9.tgz",
      "integrity": "sha1-ZUEYTMkK7qbG57NeJlkIJEPGYZg="
    },
    "sprintf-js": {
      "version": "https://registry.npm.taobao.org/sprintf-js/download/sprintf-js-1.0.3.tgz",
      "integrity": "sha1-BOaSb2YolTVPPdAVIDYzuFcpfiw=",
      "dev": true
    },
    "sshpk": {
      "version": "1.13.1",
      "resolved": "http://registry.npm.taobao.org/sshpk/download/sshpk-1.13.1.tgz",
      "integrity": "sha1-US322mKHFEMW3EwY/hzx2UBzm+M=",
      "dependencies": {
        "assert-plus": {
          "version": "1.0.0",
          "resolved": "http://registry.npm.taobao.org/assert-plus/download/assert-plus-1.0.0.tgz",
          "integrity": "sha1-8S4PPF13sLHN2RRpQuTpbB5N1SU="
        }
      }
    },
    "statuses": {
      "version": "https://registry.npmjs.org/statuses/-/statuses-1.3.1.tgz",
      "integrity": "sha1-+vUbnrdKrvOzrPStX2Gr8ky3uT4=",
      "dev": true
    },
    "stringstream": {
      "version": "0.0.5",
      "resolved": "http://registry.npm.taobao.org/stringstream/download/stringstream-0.0.5.tgz",
      "integrity": "sha1-TkhM1N5aC7vuGORjB3EKioFiGHg="
    },
    "tough-cookie": {
      "version": "2.3.2",
      "resolved": "http://registry.npm.taobao.org/tough-cookie/download/tough-cookie-2.3.2.tgz",
      "integrity": "sha1-8IH3bkyFcg5sN6X6ztc3FQ2EByo="
    },
    "tunnel-agent": {
      "version": "0.6.0",
      "resolved": "http://registry.npm.taobao.org/tunnel-agent/download/tunnel-agent-0.6.0.tgz",
      "integrity": "sha1-J6XeoGs2sEoKmWZ3SykIaPD8QP0="
    },
    "tweetnacl": {
      "version": "0.14.5",
      "resolved": "http://registry.npm.taobao.org/tweetnacl/download/tweetnacl-0.14.5.tgz",
      "integrity": "sha1-WuaBd/GS1EViadEIr6k/+HQ/T2Q=",
      "optional": true
    },
    "type-is": {
      "version": "https://registry.npm.taobao.org/type-is/download/type-is-1.6.15.tgz",
      "integrity": "sha1-yrEPtJCeRByChC6v4a1kbIGARBA=",
      "dev": true
    },
    "unpipe": {
      "version": "https://registry.npm.taobao.org/unpipe/download/unpipe-1.0.0.tgz",
      "integrity": "sha1-sr9O6FFKrmFltIF4KdIbLvSZBOw=",
      "dev": true
    },
    "utils-merge": {
      "version": "https://registry.npm.taobao.org/utils-merge/download/utils-merge-1.0.0.tgz",
      "integrity": "sha1-ApT7kiu5N1FTVBxPcJYjHyh8ivg=",
      "dev": true
    },
    "uuid": {
      "version": "3.1.0",
      "resolved": "http://registry.npm.taobao.org/uuid/download/uuid-3.1.0.tgz",
      "integrity": "sha1-PdPT55Crwk17DToDT/q6vijrvAQ="
    },
    "verror": {
      "version": "1.3.6",
      "resolved": "http://registry.npm.taobao.org/verror/download/verror-1.3.6.tgz",
      "integrity": "sha1-z/XfEpRtKX0rqu+qJoniW+AcAFw="
    }
  }
}
